dependencies:
- name: kubernetes-mcp-server
  repository: oci://ghcr.io/containers/charts
  version: 0.1.0
- name: ollama
  repository: https://otwld.github.io/ollama-helm/
  version: 1.12.0
- name: ragclaw-mcp
  repository: oci://ghcr.io/emdzej/charts
  version: 0.1.0
digest: sha256:c8524819d2048777c4425f2170393c6bd542e93d8cce31693647aa8f942c52be
generated: "2026-04-01T11:24:01.243255+02:00"
